// !$*UTF8*$!
{
	archiveVersion = 1;
	classes = {
	};
	objectVersion = 50;
	objects = {

/* Begin PBXBuildFile section */
		7913C23421300DC900126C77 /* swiftCommond.swift in Sources */ = {isa = PBXBuildFile; fileRef = 7913C23321300DC900126C77 /* swiftCommond.swift */; };
		7916F12E216D8C9200514698 /* BottomView.swift in Sources */ = {isa = PBXBuildFile; fileRef = 7916F12D216D8C9200514698 /* BottomView.swift */; };
		79631D33216B3CEC0014BDF3 /* Test.m in Sources */ = {isa = PBXBuildFile; fileRef = 79631D32216B3CEC0014BDF3 /* Test.m */; };
		79852587214A183D00701D38 /* AudioManager.swift in Sources */ = {isa = PBXBuildFile; fileRef = 79852586214A183D00701D38 /* AudioManager.swift */; };
		798973F4213946EB00EAFAAC /* AudioCollectionViewCell.swift in Sources */ = {isa = PBXBuildFile; fileRef = 798973F3213946EB00EAFAAC /* AudioCollectionViewCell.swift */; };
		79A46F57215E20E200A8A140 /* yg5.mp3 in Resources */ = {isa = PBXBuildFile; fileRef = 79A46F4A215E20E200A8A140 /* yg5.mp3 */; };
		79A46F58215E20E200A8A140 /* yg4.mp3 in Resources */ = {isa = PBXBuildFile; fileRef = 79A46F4B215E20E200A8A140 /* yg4.mp3 */; };
		79A46F59215E20E200A8A140 /* yg3.mp3 in Resources */ = {isa = PBXBuildFile; fileRef = 79A46F4C215E20E200A8A140 /* yg3.mp3 */; };
		79A46F5A215E20E200A8A140 /* yg2.mp3 in Resources */ = {isa = PBXBuildFile; fileRef = 79A46F4D215E20E200A8A140 /* yg2.mp3 */; };
		79A46F5B215E20E200A8A140 /* yg1.mp3 in Resources */ = {isa = PBXBuildFile; fileRef = 79A46F4E215E20E200A8A140 /* yg1.mp3 */; };
		79A46F5C215E20E200A8A140 /* qk4.mp3 in Resources */ = {isa = PBXBuildFile; fileRef = 79A46F4F215E20E200A8A140 /* qk4.mp3 */; };
		79A46F5D215E20E200A8A140 /* qk1.mp3 in Resources */ = {isa = PBXBuildFile; fileRef = 79A46F50215E20E200A8A140 /* qk1.mp3 */; };
		79A46F5E215E20E200A8A140 /* qk3.mp3 in Resources */ = {isa = PBXBuildFile; fileRef = 79A46F51215E20E200A8A140 /* qk3.mp3 */; };
		79A46F5F215E20E200A8A140 /* qk2.mp3 in Resources */ = {isa = PBXBuildFile; fileRef = 79A46F52215E20E200A8A140 /* qk2.mp3 */; };
		79A46F60215E20E200A8A140 /* lx2.mp3 in Resources */ = {isa = PBXBuildFile; fileRef = 79A46F53215E20E200A8A140 /* lx2.mp3 */; };
		79A46F61215E20E200A8A140 /* lx3.mp3 in Resources */ = {isa = PBXBuildFile; fileRef = 79A46F54215E20E200A8A140 /* lx3.mp3 */; };
		79A46F62215E20E200A8A140 /* lx1.mp3 in Resources */ = {isa = PBXBuildFile; fileRef = 79A46F55215E20E200A8A140 /* lx1.mp3 */; };
		79A46F63215E20E200A8A140 /* lx4.mp3 in Resources */ = {isa = PBXBuildFile; fileRef = 79A46F56215E20E200A8A140 /* lx4.mp3 */; };
		79A46F65215E23E800A8A140 /* TestViewController.swift in Sources */ = {isa = PBXBuildFile; fileRef = 79A46F64215E23E800A8A140 /* TestViewController.swift */; };
		79BEAEB52138D113000DA0B6 /* Assets.xcassets in Resources */ = {isa = PBXBuildFile; fileRef = 79BEAEB42138D113000DA0B6 /* Assets.xcassets */; };
		79DD6954212BB88B0087747A /* AppDelegate.swift in Sources */ = {isa = PBXBuildFile; fileRef = 79DD6953212BB88B0087747A /* AppDelegate.swift */; };
		79DD6956212BB88B0087747A /* ViewController.swift in Sources */ = {isa = PBXBuildFile; fileRef = 79DD6955212BB88B0087747A /* ViewController.swift */; };
		79DD6959212BB88B0087747A /* Main.storyboard in Resources */ = {isa = PBXBuildFile; fileRef = 79DD6957212BB88B0087747A /* Main.storyboard */; };
		79DD695E212BB88E0087747A /* LaunchScreen.storyboard in Resources */ = {isa = PBXBuildFile; fileRef = 79DD695C212BB88E0087747A /* LaunchScreen.storyboard */; };
		79DD69EA212CED1F0087747A /* LEDView.swift in Sources */ = {isa = PBXBuildFile; fileRef = 79DD69E9212CED1F0087747A /* LEDView.swift */; };
		79DD6A01212FED950087747A /* SliderView.swift in Sources */ = {isa = PBXBuildFile; fileRef = 79DD6A00212FED940087747A /* SliderView.swift */; };
		79DD6A03212FEE6A0087747A /* ControlView.swift in Sources */ = {isa = PBXBuildFile; fileRef = 79DD6A02212FEE6A0087747A /* ControlView.swift */; };
		84728172215E8D5C00255C31 /* 167.png in Resources */ = {isa = PBXBuildFile; fileRef = 84728171215E8D5C00255C31 /* 167.png */; };
		84AAC607216CE44D00E10DE3 /* TiaoKuanViewController.swift in Sources */ = {isa = PBXBuildFile; fileRef = 84AAC606216CE44C00E10DE3 /* TiaoKuanViewController.swift */; };
		E7A09D8BBDD8FE370202D17E /* Pods_LearnSwift.framework in Frameworks */ = {isa = PBXBuildFile; fileRef = 22DBC0F53941F63987AA82EF /* Pods_LearnSwift.framework */; };
/* End PBXBuildFile section */

/* Begin PBXFileReference section */
		22DBC0F53941F63987AA82EF /* Pods_LearnSwift.framework */ = {isa = PBXFileReference; explicitFileType = wrapper.framework; includeInIndex = 0; path = Pods_LearnSwift.framework; sourceTree = BUILT_PRODUCTS_DIR; };
		7913C23321300DC900126C77 /* swiftCommond.swift */ = {isa = PBXFileReference; lastKnownFileType = sourcecode.swift; path = swiftCommond.swift; sourceTree = "<group>"; };
		7916F12D216D8C9200514698 /* BottomView.swift */ = {isa = PBXFileReference; lastKnownFileType = sourcecode.swift; path = BottomView.swift; sourceTree = "<group>"; };
		79631D30216B3CEC0014BDF3 /* LearnSwift-Bridging-Header.h */ = {isa = PBXFileReference; lastKnownFileType = sourcecode.c.h; path = "LearnSwift-Bridging-Header.h"; sourceTree = "<group>"; };
		79631D31216B3CEC0014BDF3 /* Test.h */ = {isa = PBXFileReference; lastKnownFileType = sourcecode.c.h; path = Test.h; sourceTree = "<group>"; };
		79631D32216B3CEC0014BDF3 /* Test.m */ = {isa = PBXFileReference; lastKnownFileType = sourcecode.c.objc; path = Test.m; sourceTree = "<group>"; };
		79852586214A183D00701D38 /* AudioManager.swift */ = {isa = PBXFileReference; lastKnownFileType = sourcecode.swift; path = AudioManager.swift; sourceTree = "<group>"; };
		798973F3213946EB00EAFAAC /* AudioCollectionViewCell.swift */ = {isa = PBXFileReference; lastKnownFileType = sourcecode.swift; path = AudioCollectionViewCell.swift; sourceTree = "<group>"; };
		79A46F4A215E20E200A8A140 /* yg5.mp3 */ = {isa = PBXFileReference; lastKnownFileType = audio.mp3; path = yg5.mp3; sourceTree = "<group>"; };
		79A46F4B215E20E200A8A140 /* yg4.mp3 */ = {isa = PBXFileReference; lastKnownFileType = audio.mp3; path = yg4.mp3; sourceTree = "<group>"; };
		79A46F4C215E20E200A8A140 /* yg3.mp3 */ = {isa = PBXFileReference; lastKnownFileType = audio.mp3; path = yg3.mp3; sourceTree = "<group>"; };
		79A46F4D215E20E200A8A140 /* yg2.mp3 */ = {isa = PBXFileReference; lastKnownFileType = audio.mp3; path = yg2.mp3; sourceTree = "<group>"; };
		79A46F4E215E20E200A8A140 /* yg1.mp3 */ = {isa = PBXFileReference; lastKnownFileType = audio.mp3; path = yg1.mp3; sourceTree = "<group>"; };
		79A46F4F215E20E200A8A140 /* qk4.mp3 */ = {isa = PBXFileReference; lastKnownFileType = audio.mp3; path = qk4.mp3; sourceTree = "<group>"; };
		79A46F50215E20E200A8A140 /* qk1.mp3 */ = {isa = PBXFileReference; lastKnownFileType = audio.mp3; path = qk1.mp3; sourceTree = "<group>"; };
		79A46F51215E20E200A8A140 /* qk3.mp3 */ = {isa = PBXFileReference; lastKnownFileType = audio.mp3; path = qk3.mp3; sourceTree = "<group>"; };
		79A46F52215E20E200A8A140 /* qk2.mp3 */ = {isa = PBXFileReference; lastKnownFileType = audio.mp3; path = qk2.mp3; sourceTree = "<group>"; };
		79A46F53215E20E200A8A140 /* lx2.mp3 */ = {isa = PBXFileReference; lastKnownFileType = audio.mp3; path = lx2.mp3; sourceTree = "<group>"; };
		79A46F54215E20E200A8A140 /* lx3.mp3 */ = {isa = PBXFileReference; lastKnownFileType = audio.mp3; path = lx3.mp3; sourceTree = "<group>"; };
		79A46F55215E20E200A8A140 /* lx1.mp3 */ = {isa = PBXFileReference; lastKnownFileType = audio.mp3; path = lx1.mp3; sourceTree = "<group>"; };
		79A46F56215E20E200A8A140 /* lx4.mp3 */ = {isa = PBXFileReference; lastKnownFileType = audio.mp3; path = lx4.mp3; sourceTree = "<group>"; };
		79A46F64215E23E800A8A140 /* TestViewController.swift */ = {isa = PBXFileReference; lastKnownFileType = sourcecode.swift; path = TestViewController.swift; sourceTree = "<group>"; };
		79A46F6E215E2FD900A8A140 /* LearnSwift.entitlements */ = {isa = PBXFileReference; lastKnownFileType = text.plist.entitlements; path = LearnSwift.entitlements; sourceTree = "<group>"; };
		79BEAEB42138D113000DA0B6 /* Assets.xcassets */ = {isa = PBXFileReference; lastKnownFileType = folder.assetcatalog; path = Assets.xcassets; sourceTree = "<group>"; };
		79DD6950212BB88B0087747A /* LearnSwift.app */ = {isa = PBXFileReference; explicitFileType = wrapper.application; includeInIndex = 0; path = LearnSwift.app; sourceTree = BUILT_PRODUCTS_DIR; };
		79DD6953212BB88B0087747A /* AppDelegate.swift */ = {isa = PBXFileReference; lastKnownFileType = sourcecode.swift; path = AppDelegate.swift; sourceTree = "<group>"; };
		79DD6955212BB88B0087747A /* ViewController.swift */ = {isa = PBXFileReference; lastKnownFileType = sourcecode.swift; path = ViewController.swift; sourceTree = "<group>"; };
		79DD6958212BB88B0087747A /* Base */ = {isa = PBXFileReference; lastKnownFileType = file.storyboard; name = Base; path = Base.lproj/Main.storyboard; sourceTree = "<group>"; };
		79DD695D212BB88E0087747A /* Base */ = {isa = PBXFileReference; lastKnownFileType = file.storyboard; name = Base; path = Base.lproj/LaunchScreen.storyboard; sourceTree = "<group>"; };
		79DD695F212BB88E0087747A /* Info.plist */ = {isa = PBXFileReference; lastKnownFileType = text.plist.xml; path = Info.plist; sourceTree = "<group>"; };
		79DD69E9212CED1F0087747A /* LEDView.swift */ = {isa = PBXFileReference; lastKnownFileType = sourcecode.swift; path = LEDView.swift; sourceTree = "<group>"; };
		79DD6A00212FED940087747A /* SliderView.swift */ = {isa = PBXFileReference; fileEncoding = 4; lastKnownFileType = sourcecode.swift; path = SliderView.swift; sourceTree = "<group>"; };
		79DD6A02212FEE6A0087747A /* ControlView.swift */ = {isa = PBXFileReference; fileEncoding = 4; lastKnownFileType = sourcecode.swift; path = ControlView.swift; sourceTree = "<group>"; };
		84728171215E8D5C00255C31 /* 167.png */ = {isa = PBXFileReference; lastKnownFileType = image.png; path = 167.png; sourceTree = "<group>"; };
		84AAC606216CE44C00E10DE3 /* TiaoKuanViewController.swift */ = {isa = PBXFileReference; lastKnownFileType = sourcecode.swift; path = TiaoKuanViewController.swift; sourceTree = "<group>"; };
		A57F31A097478B36D0310ACD /* Pods-LearnSwift.release.xcconfig */ = {isa = PBXFileReference; includeInIndex = 1; lastKnownFileType = text.xcconfig; name = "Pods-LearnSwift.release.xcconfig"; path = "Pods/Target Support Files/Pods-LearnSwift/Pods-LearnSwift.release.xcconfig"; sourceTree = "<group>"; };
		D23C4BA4F2CA55BCAC53AFDD /* Pods-LearnSwift.debug.xcconfig */ = {isa = PBXFileReference; includeInIndex = 1; lastKnownFileType = text.xcconfig; name = "Pods-LearnSwift.debug.xcconfig"; path = "Pods/Target Support Files/Pods-LearnSwift/Pods-LearnSwift.debug.xcconfig"; sourceTree = "<group>"; };
/* End PBXFileReference section */

/* Begin PBXFrameworksBuildPhase section */
		79DD694D212BB88B0087747A /* Frameworks */ = {
			isa = PBXFrameworksBuildPhase;
			buildActionMask = 2147483647;
			files = (
				E7A09D8BBDD8FE370202D17E /* Pods_LearnSwift.framework in Frameworks */,
			);
			runOnlyForDeploymentPostprocessing = 0;
		};
/* End PBXFrameworksBuildPhase section */

/* Begin PBXGroup section */
		2F7DE3EB99F43A6D3E74EA80 /* Pods */ = {
			isa = PBXGroup;
			children = (
				D23C4BA4F2CA55BCAC53AFDD /* Pods-LearnSwift.debug.xcconfig */,
				A57F31A097478B36D0310ACD /* Pods-LearnSwift.release.xcconfig */,
			);
			name = Pods;
			sourceTree = "<group>";
		};
		79A46F49215E20E200A8A140 /* mp3 */ = {
			isa = PBXGroup;
			children = (
				79A46F4A215E20E200A8A140 /* yg5.mp3 */,
				79A46F4B215E20E200A8A140 /* yg4.mp3 */,
				79A46F4C215E20E200A8A140 /* yg3.mp3 */,
				79A46F4D215E20E200A8A140 /* yg2.mp3 */,
				79A46F4E215E20E200A8A140 /* yg1.mp3 */,
				79A46F4F215E20E200A8A140 /* qk4.mp3 */,
				79A46F50215E20E200A8A140 /* qk1.mp3 */,
				79A46F51215E20E200A8A140 /* qk3.mp3 */,
				79A46F52215E20E200A8A140 /* qk2.mp3 */,
				79A46F53215E20E200A8A140 /* lx2.mp3 */,
				79A46F54215E20E200A8A140 /* lx3.mp3 */,
				79A46F55215E20E200A8A140 /* lx1.mp3 */,
				79A46F56215E20E200A8A140 /* lx4.mp3 */,
			);
			path = mp3;
			sourceTree = "<group>";
		};
		79DD6947212BB88B0087747A = {
			isa = PBXGroup;
			children = (
				79DD6952212BB88B0087747A /* LearnSwift */,
				79DD6951212BB88B0087747A /* Products */,
				2F7DE3EB99F43A6D3E74EA80 /* Pods */,
				A0C55C1B17CA3BE58A8B14F0 /* Frameworks */,
			);
			sourceTree = "<group>";
		};
		79DD6951212BB88B0087747A /* Products */ = {
			isa = PBXGroup;
			children = (
				79DD6950212BB88B0087747A /* LearnSwift.app */,
			);
			name = Products;
			sourceTree = "<group>";
		};
		79DD6952212BB88B0087747A /* LearnSwift */ = {
			isa = PBXGroup;
			children = (
				79A46F6E215E2FD900A8A140 /* LearnSwift.entitlements */,
				79A46F49215E20E200A8A140 /* mp3 */,
				79DD6953212BB88B0087747A /* AppDelegate.swift */,
				79631D31216B3CEC0014BDF3 /* Test.h */,
				79631D32216B3CEC0014BDF3 /* Test.m */,
				84728171215E8D5C00255C31 /* 167.png */,
				7913C23321300DC900126C77 /* swiftCommond.swift */,
				79DD69E9212CED1F0087747A /* LEDView.swift */,
				7916F12D216D8C9200514698 /* BottomView.swift */,
				79DD6955212BB88B0087747A /* ViewController.swift */,
				84AAC606216CE44C00E10DE3 /* TiaoKuanViewController.swift */,
				79A46F64215E23E800A8A140 /* TestViewController.swift */,
				79DD6A02212FEE6A0087747A /* ControlView.swift */,
				798973F3213946EB00EAFAAC /* AudioCollectionViewCell.swift */,
				79DD6A00212FED940087747A /* SliderView.swift */,
				79852586214A183D00701D38 /* AudioManager.swift */,
				79BEAEB42138D113000DA0B6 /* Assets.xcassets */,
				79DD6957212BB88B0087747A /* Main.storyboard */,
				79DD695C212BB88E0087747A /* LaunchScreen.storyboard */,
				79DD695F212BB88E0087747A /* Info.plist */,
				79631D30216B3CEC0014BDF3 /* LearnSwift-Bridging-Header.h */,
			);
			path = LearnSwift;
			sourceTree = "<group>";
		};
		A0C55C1B17CA3BE58A8B14F0 /* Frameworks */ = {
			isa = PBXGroup;
			children = (
				22DBC0F53941F63987AA82EF /* Pods_LearnSwift.framework */,
			);
			name = Frameworks;
			sourceTree = "<group>";
		};
/* End PBXGroup section */

/* Begin PBXNativeTarget section */
		79DD694F212BB88B0087747A /* LearnSwift */ = {
			isa = PBXNativeTarget;
			buildConfigurationList = 79DD6962212BB88E0087747A /* Build configuration list for PBXNativeTarget "LearnSwift" */;
			buildPhases = (
				4728F0EFFE859D739EA135C8 /* [CP] Check Pods Manifest.lock */,
				79DD694C212BB88B0087747A /* Sources */,
				79DD694D212BB88B0087747A /* Frameworks */,
				79DD694E212BB88B0087747A /* Resources */,
				262FBD2811A165E8BD1D75E9 /* [CP] Embed Pods Frameworks */,
			);
			buildRules = (
			);
			dependencies = (
			);
			name = LearnSwift;
			productName = LearnSwift;
			productReference = 79DD6950212BB88B0087747A /* LearnSwift.app */;
			productType = "com.apple.product-type.application";
		};
/* End PBXNativeTarget section */

/* Begin PBXProject section */
		79DD6948212BB88B0087747A /* Project object */ = {
			isa = PBXProject;
			attributes = {
				LastSwiftUpdateCheck = 0940;
				LastUpgradeCheck = 0940;
				ORGANIZATIONNAME = luck;
				TargetAttributes = {
					79DD694F212BB88B0087747A = {
						CreatedOnToolsVersion = 9.4.1;
						LastSwiftMigration = 0940;
						SystemCapabilities = {
							com.apple.BackgroundModes = {
								enabled = 1;
							};
							com.apple.Push = {
								enabled = 1;
							};
						};
					};
				};
			};
			buildConfigurationList = 79DD694B212BB88B0087747A /* Build configuration list for PBXProject "LearnSwift" */;
			compatibilityVersion = "Xcode 9.3";
			developmentRegion = en;
			hasScannedForEncodings = 0;
			knownRegions = (
				en,
				Base,
			);
			mainGroup = 79DD6947212BB88B0087747A;
			productRefGroup = 79DD6951212BB88B0087747A /* Products */;
			projectDirPath = "";
			projectRoot = "";
			targets = (
				79DD694F212BB88B0087747A /* LearnSwift */,
			);
		};
/* End PBXProject section */

/* Begin PBXResourcesBuildPhase section */
		79DD694E212BB88B0087747A /* Resources */ = {
			isa = PBXResourcesBuildPhase;
			buildActionMask = 2147483647;
			files = (
				79A46F62215E20E200A8A140 /* lx1.mp3 in Resources */,
				79A46F60215E20E200A8A140 /* lx2.mp3 in Resources */,
				79A46F5C215E20E200A8A140 /* qk4.mp3 in Resources */,
				79A46F61215E20E200A8A140 /* lx3.mp3 in Resources */,
				79A46F59215E20E200A8A140 /* yg3.mp3 in Resources */,
				79A46F5A215E20E200A8A140 /* yg2.mp3 in Resources */,
				79A46F5F215E20E200A8A140 /* qk2.mp3 in Resources */,
				79DD695E212BB88E0087747A /* LaunchScreen.storyboard in Resources */,
				79A46F5E215E20E200A8A140 /* qk3.mp3 in Resources */,
				79BEAEB52138D113000DA0B6 /* Assets.xcassets in Resources */,
				79A46F57215E20E200A8A140 /* yg5.mp3 in Resources */,
				79A46F5D215E20E200A8A140 /* qk1.mp3 in Resources */,
				84728172215E8D5C00255C31 /* 167.png in Resources */,
				79DD6959212BB88B0087747A /* Main.storyboard in Resources */,
				79A46F63215E20E200A8A140 /* lx4.mp3 in Resources */,
				79A46F5B215E20E200A8A140 /* yg1.mp3 in Resources */,
				79A46F58215E20E200A8A140 /* yg4.mp3 in Resources */,
			);
			runOnlyForDeploymentPostprocessing = 0;
		};
/* End PBXResourcesBuildPhase section */

/* Begin PBXShellScriptBuildPhase section */
		262FBD2811A165E8BD1D75E9 /* [CP] Embed Pods Frameworks */ = {
			isa = PBXShellScriptBuildPhase;
			buildActionMask = 2147483647;
			files = (
			);
			inputPaths = (
				"${SRCROOT}/Pods/Target Support Files/Pods-LearnSwift/Pods-LearnSwift-frameworks.sh",
				"${BUILT_PRODUCTS_DIR}/Alamofire/Alamofire.framework",
				"${BUILT_PRODUCTS_DIR}/Hue/Hue.framework",
				"${BUILT_PRODUCTS_DIR}/LeanCloud/LeanCloud.framework",
				"${BUILT_PRODUCTS_DIR}/RxCocoa/RxCocoa.framework",
				"${BUILT_PRODUCTS_DIR}/RxSwift/RxSwift.framework",
				"${BUILT_PRODUCTS_DIR}/SnapKit/SnapKit.framework",
			);
			name = "[CP] Embed Pods Frameworks";
			outputPaths = (
				"${TARGET_BUILD_DIR}/${FRAMEWORKS_FOLDER_PATH}/Alamofire.framework",
				"${TARGET_BUILD_DIR}/${FRAMEWORKS_FOLDER_PATH}/Hue.framework",
				"${TARGET_BUILD_DIR}/${FRAMEWORKS_FOLDER_PATH}/LeanCloud.framework",
				"${TARGET_BUILD_DIR}/${FRAMEWORKS_FOLDER_PATH}/RxCocoa.framework",
				"${TARGET_BUILD_DIR}/${FRAMEWORKS_FOLDER_PATH}/RxSwift.framework",
				"${TARGET_BUILD_DIR}/${FRAMEWORKS_FOLDER_PATH}/SnapKit.framework",
			);
			runOnlyForDeploymentPostprocessing = 0;
			shellPath = /bin/sh;
			shellScript = "\"${SRCROOT}/Pods/Target Support Files/Pods-LearnSwift/Pods-LearnSwift-frameworks.sh\"\n";
			showEnvVarsInLog = 0;
		};
		4728F0EFFE859D739EA135C8 /* [CP] Check Pods Manifest.lock */ = {
			isa = PBXShellScriptBuildPhase;
			buildActionMask = 2147483647;
			files = (
			);
			inputPaths = (
				"${PODS_PODFILE_DIR_PATH}/Podfile.lock",
				"${PODS_ROOT}/Manifest.lock",
			);
			name = "[CP] Check Pods Manifest.lock";
			outputPaths = (
				"$(DERIVED_FILE_DIR)/Pods-LearnSwift-checkManifestLockResult.txt",
			);
			runOnlyForDeploymentPostprocessing = 0;
			shellPath = /bin/sh;
			shellScript = "diff \"${PODS_PODFILE_DIR_PATH}/Podfile.lock\" \"${PODS_ROOT}/Manifest.lock\" > /dev/null\nif [ $? != 0 ] ; then\n    # print error to STDERR\n    echo \"error: The sandbox is not in sync with the Podfile.lock. Run 'pod install' or update your CocoaPods installation.\" >&2\n    exit 1\nfi\n# This output is used by Xcode 'outputs' to avoid re-running this script phase.\necho \"SUCCESS\" > \"${SCRIPT_OUTPUT_FILE_0}\"\n";
			showEnvVarsInLog = 0;
		};
/* End PBXShellScriptBuildPhase section */

/* Begin PBXSourcesBuildPhase section */
		79DD694C212BB88B0087747A /* Sources */ = {
			isa = PBXSourcesBuildPhase;
			buildActionMask = 2147483647;
			files = (
				79DD6956212BB88B0087747A /* ViewController.swift in Sources */,
				79DD6954212BB88B0087747A /* AppDelegate.swift in Sources */,
				79852587214A183D00701D38 /* AudioManager.swift in Sources */,
				7916F12E216D8C9200514698 /* BottomView.swift in Sources */,
				79DD69EA212CED1F0087747A /* LEDView.swift in Sources */,
				7913C23421300DC900126C77 /* swiftCommond.swift in Sources */,
				79631D33216B3CEC0014BDF3 /* Test.m in Sources */,
				84AAC607216CE44D00E10DE3 /* TiaoKuanViewController.swift in Sources */,
				79DD6A01212FED950087747A /* SliderView.swift in Sources */,
				798973F4213946EB00EAFAAC /* AudioCollectionViewCell.swift in Sources */,
				79A46F65215E23E800A8A140 /* TestViewController.swift in Sources */,
				79DD6A03212FEE6A0087747A /* ControlView.swift in Sources */,
			);
			runOnlyForDeploymentPostprocessing = 0;
		};
/* End PBXSourcesBuildPhase section */

/* Begin PBXVariantGroup section */
		79DD6957212BB88B0087747A /* Main.storyboard */ = {
			isa = PBXVariantGroup;
			children = (
				79DD6958212BB88B0087747A /* Base */,
			);
			name = Main.storyboard;
			sourceTree = "<group>";
		};
		79DD695C212BB88E0087747A /* LaunchScreen.storyboard */ = {
			isa = PBXVariantGroup;
			children = (
				79DD695D212BB88E0087747A /* Base */,
			);
			name = LaunchScreen.storyboard;
			sourceTree = "<group>";
		};
/* End PBXVariantGroup section */

/* Begin XCBuildConfiguration section */
		79DD6960212BB88E0087747A /* Debug */ = {
			isa = XCBuildConfiguration;
			buildSettings = {
				ALWAYS_SEARCH_USER_PATHS = NO;
				CLANG_ANALYZER_NONNULL = YES;
				CLANG_ANALYZER_NUMBER_OBJECT_CONVERSION = YES_AGGRESSIVE;
				CLANG_CXX_LANGUAGE_STANDARD = "gnu++14";
				CLANG_CXX_LIBRARY = "libc++";
				CLANG_ENABLE_MODULES = YES;
				CLANG_ENABLE_OBJC_ARC = YES;
				CLANG_ENABLE_OBJC_WEAK = YES;
				CLANG_WARN_BLOCK_CAPTURE_AUTORELEASING = YES;
				CLANG_WARN_BOOL_CONVERSION = YES;
				CLANG_WARN_COMMA = YES;
				CLANG_WARN_CONSTANT_CONVERSION = YES;
				CLANG_WARN_DEPRECATED_OBJC_IMPLEMENTATIONS = YES;
				CLANG_WARN_DIRECT_OBJC_ISA_USAGE = YES_ERROR;
				CLANG_WARN_DOCUMENTATION_COMMENTS = YES;
				CLANG_WARN_EMPTY_BODY = YES;
				CLANG_WARN_ENUM_CONVERSION = YES;
				CLANG_WARN_INFINITE_RECURSION = YES;
				CLANG_WARN_INT_CONVERSION = YES;
				CLANG_WARN_NON_LITERAL_NULL_CONVERSION = YES;
				CLANG_WARN_OBJC_IMPLICIT_RETAIN_SELF = YES;
				CLANG_WARN_OBJC_LITERAL_CONVERSION = YES;
				CLANG_WARN_OBJC_ROOT_CLASS = YES_ERROR;
				CLANG_WARN_RANGE_LOOP_ANALYSIS = YES;
				CLANG_WARN_STRICT_PROTOTYPES = YES;
				CLANG_WARN_SUSPICIOUS_MOVE = YES;
				CLANG_WARN_UNGUARDED_AVAILABILITY = YES_AGGRESSIVE;
				CLANG_WARN_UNREACHABLE_CODE = YES;
				CLANG_WARN__DUPLICATE_METHOD_MATCH = YES;
				CODE_SIGN_IDENTITY = "iPhone Developer";
				COPY_PHASE_STRIP = NO;
				DEBUG_INFORMATION_FORMAT = dwarf;
				ENABLE_STRICT_OBJC_MSGSEND = YES;
				ENABLE_TESTABILITY = YES;
				GCC_C_LANGUAGE_STANDARD = gnu11;
				GCC_DYNAMIC_NO_PIC = NO;
				GCC_NO_COMMON_BLOCKS = YES;
				GCC_OPTIMIZATION_LEVEL = 0;
				GCC_PREPROCESSOR_DEFINITIONS = (
					"DEBUG=1",
					"$(inherited)",
				);
				GCC_WARN_64_TO_32_BIT_CONVERSION = YES;
				GCC_WARN_ABOUT_RETURN_TYPE = YES_ERROR;
				GCC_WARN_UNDECLARED_SELECTOR = YES;
				GCC_WARN_UNINITIALIZED_AUTOS = YES_AGGRESSIVE;
				GCC_WARN_UNUSED_FUNCTION = YES;
				GCC_WARN_UNUSED_VARIABLE = YES;
				IPHONEOS_DEPLOYMENT_TARGET = 11.4;
				MTL_ENABLE_DEBUG_INFO = YES;
				ONLY_ACTIVE_ARCH = YES;
				SDKROOT = iphoneos;
				SWIFT_ACTIVE_COMPILATION_CONDITIONS = DEBUG;
				SWIFT_OPTIMIZATION_LEVEL = "-Onone";
			};
			name = Debug;
		};
		79DD6961212BB88E0087747A /* Release */ = {
			isa = XCBuildConfiguration;
			buildSettings = {
				ALWAYS_SEARCH_USER_PATHS = NO;
				CLANG_ANALYZER_NONNULL = YES;
				CLANG_ANALYZER_NUMBER_OBJECT_CONVERSION = YES_AGGRESSIVE;
				CLANG_CXX_LANGUAGE_STANDARD = "gnu++14";
				CLANG_CXX_LIBRARY = "libc++";
				CLANG_ENABLE_MODULES = YES;
				CLANG_ENABLE_OBJC_ARC = YES;
				CLANG_ENABLE_OBJC_WEAK = YES;
				CLANG_WARN_BLOCK_CAPTURE_AUTORELEASING = YES;
				CLANG_WARN_BOOL_CONVERSION = YES;
				CLANG_WARN_COMMA = YES;
				CLANG_WARN_CONSTANT_CONVERSION = YES;
				CLANG_WARN_DEPRECATED_OBJC_IMPLEMENTATIONS = YES;
				CLANG_WARN_DIRECT_OBJC_ISA_USAGE = YES_ERROR;
				CLANG_WARN_DOCUMENTATION_COMMENTS = YES;
				CLANG_WARN_EMPTY_BODY = YES;
				CLANG_WARN_ENUM_CONVERSION = YES;
				CLANG_WARN_INFINITE_RECURSION = YES;
				CLANG_WARN_INT_CONVERSION = YES;
				CLANG_WARN_NON_LITERAL_NULL_CONVERSION = YES;
				CLANG_WARN_OBJC_IMPLICIT_RETAIN_SELF = YES;
				CLANG_WARN_OBJC_LITERAL_CONVERSION = YES;
				CLANG_WARN_OBJC_ROOT_CLASS = YES_ERROR;
				CLANG_WARN_RANGE_LOOP_ANALYSIS = YES;
				CLANG_WARN_STRICT_PROTOTYPES = YES;
				CLANG_WARN_SUSPICIOUS_MOVE = YES;
				CLANG_WARN_UNGUARDED_AVAILABILITY = YES_AGGRESSIVE;
				CLANG_WARN_UNREACHABLE_CODE = YES;
				CLANG_WARN__DUPLICATE_METHOD_MATCH = YES;
				CODE_SIGN_IDENTITY = "iPhone Developer";
				COPY_PHASE_STRIP = NO;
				DEBUG_INFORMATION_FORMAT = "dwarf-with-dsym";
				ENABLE_NS_ASSERTIONS = NO;
				ENABLE_STRICT_OBJC_MSGSEND = YES;
				GCC_C_LANGUAGE_STANDARD = gnu11;
				GCC_NO_COMMON_BLOCKS = YES;
				GCC_WARN_64_TO_32_BIT_CONVERSION = YES;
				GCC_WARN_ABOUT_RETURN_TYPE = YES_ERROR;
				GCC_WARN_UNDECLARED_SELECTOR = YES;
				GCC_WARN_UNINITIALIZED_AUTOS = YES_AGGRESSIVE;
				GCC_WARN_UNUSED_FUNCTION = YES;
				GCC_WARN_UNUSED_VARIABLE = YES;
				IPHONEOS_DEPLOYMENT_TARGET = 11.4;
				MTL_ENABLE_DEBUG_INFO = NO;
				SDKROOT = iphoneos;
				SWIFT_COMPILATION_MODE = wholemodule;
				SWIFT_OPTIMIZATION_LEVEL = "-O";
				VALIDATE_PRODUCT = YES;
			};
			name = Release;
		};
		79DD6963212BB88E0087747A /* Debug */ = {
			isa = XCBuildConfiguration;
			baseConfigurationReference = D23C4BA4F2CA55BCAC53AFDD /* Pods-LearnSwift.debug.xcconfig */;
			buildSettings = {
				ASSETCATALOG_COMPILER_APPICON_NAME = AppIcon;
				CLANG_ENABLE_MODULES = YES;
				CODE_SIGN_ENTITLEMENTS = LearnSwift/LearnSwift.entitlements;
				CODE_SIGN_IDENTITY = "iPhone Developer";
				CODE_SIGN_STYLE = Manual;
				DEVELOPMENT_TEAM = GM6C5S4FLT;
				ENABLE_BITCODE = YES;
				FRAMEWORK_SEARCH_PATHS = (
					"$(inherited)",
					"$(PROJECT_DIR)/LearnSwift",
				);
				INFOPLIST_FILE = LearnSwift/Info.plist;
				IPHONEOS_DEPLOYMENT_TARGET = 9.0;
				LD_RUNPATH_SEARCH_PATHS = (
					"$(inherited)",
					"@executable_path/Frameworks",
				);
				PRODUCT_BUNDLE_IDENTIFIER = com.luck.danmu.xiaozhushou;
				PRODUCT_NAME = "$(TARGET_NAME)";
				PROVISIONING_PROFILE = "7fe595f4-e9b2-4d4c-a318-cc72b16481ef";
				PROVISIONING_PROFILE_SPECIFIER = dm_dev;
				SWIFT_OBJC_BRIDGING_HEADER = "LearnSwift/LearnSwift-Bridging-Header.h";
				SWIFT_OPTIMIZATION_LEVEL = "-Onone";
				SWIFT_VERSION = 4.0;
				TARGETED_DEVICE_FAMILY = "1,2";
			};
			name = Debug;
		};
		79DD6964212BB88E0087747A /* Release */ = {
			isa = XCBuildConfiguration;
			baseConfigurationReference = A57F31A097478B36D0310ACD /* Pods-LearnSwift.release.xcconfig */;
			buildSettings = {
				ASSETCATALOG_COMPILER_APPICON_NAME = AppIcon;
				CLANG_ENABLE_MODULES = YES;
				CODE_SIGN_ENTITLEMENTS = LearnSwift/LearnSwift.entitlements;
				CODE_SIGN_IDENTITY = "iPhone Developer";
				CODE_SIGN_STYLE = Manual;
				DEVELOPMENT_TEAM = GM6C5S4FLT;
				ENABLE_BITCODE = YES;
				FRAMEWORK_SEARCH_PATHS = (
					"$(inherited)",
					"$(PROJECT_DIR)/LearnSwift",
				);
				INFOPLIST_FILE = LearnSwift/Info.plist;
				IPHONEOS_DEPLOYMENT_TARGET = 9.0;
				LD_RUNPATH_SEARCH_PATHS = (
					"$(inherited)",
					"@executable_path/Frameworks",
				);
				PRODUCT_BUNDLE_IDENTIFIER = com.luck.danmu.xiaozhushou;
				PRODUCT_NAME = "$(TARGET_NAME)";
				PROVISIONING_PROFILE = "7fe595f4-e9b2-4d4c-a318-cc72b16481ef";
				PROVISIONING_PROFILE_SPECIFIER = dm_dev;
				SWIFT_OBJC_BRIDGING_HEADER = "LearnSwift/LearnSwift-Bridging-Header.h";
				SWIFT_VERSION = 4.0;
				TARGETED_DEVICE_FAMILY = "1,2";
			};
			name = Release;
		};
/* End XCBuildConfiguration section */

/* Begin XCConfigurationList section */
		79DD694B212BB88B0087747A /* Build configuration list for PBXProject "LearnSwift" */ = {
			isa = XCConfigurationList;
			buildConfigurations = (
				79DD6960212BB88E0087747A /* Debug */,
				79DD6961212BB88E0087747A /* Release */,
			);
			defaultConfigurationIsVisible = 0;
			defaultConfigurationName = Release;
		};
		79DD6962212BB88E0087747A /* Build configuration list for PBXNativeTarget "LearnSwift" */ = {
			isa = XCConfigurationList;
			buildConfigurations = (
				79DD6963212BB88E0087747A /* Debug */,
				79DD6964212BB88E0087747A /* Release */,
			);
			defaultConfigurationIsVisible = 0;
			defaultConfigurationName = Release;
		};
/* End XCConfigurationList section */
	};
	rootObject = 79DD6948212BB88B0087747A /* Project object */;
}
